// !$*UTF8*$!
{
	archiveVersion = 1;
	classes = {
	};
	objectVersion = 50;
	objects = {

/* Begin PBXBuildFile section */
		04C673472667EB8C006BDD1F /* DBHelper.swift in Sources */ = {isa = PBXBuildFile; fileRef = 04C673462667EB8C006BDD1F /* DBHelper.swift */; };
		04E3C9E72667D30B005EBEF2 /* AppDelegate.swift in Sources */ = {isa = PBXBuildFile; fileRef = 04E3C9E62667D30B005EBEF2 /* AppDelegate.swift */; };
		04E3C9E92667D30B005EBEF2 /* SceneDelegate.swift in Sources */ = {isa = PBXBuildFile; fileRef = 04E3C9E82667D30B005EBEF2 /* SceneDelegate.swift */; };
		04E3C9EB2667D30B005EBEF2 /* ViewController.swift in Sources */ = {isa = PBXBuildFile; fileRef = 04E3C9EA2667D30B005EBEF2 /* ViewController.swift */; };
		04E3C9EE2667D30B005EBEF2 /* Main.storyboard in Resources */ = {isa = PBXBuildFile; fileRef = 04E3C9EC2667D30B005EBEF2 /* Main.storyboard */; };
		04E3C9F02667D30B005EBEF2 /* Assets.xcassets in Resources */ = {isa = PBXBuildFile; fileRef = 04E3C9EF2667D30B005EBEF2 /* Assets.xcassets */; };
		04E3C9F32667D30B005EBEF2 /* LaunchScreen.storyboard in Resources */ = {isa = PBXBuildFile; fileRef = 04E3C9F12667D30B005EBEF2 /* LaunchScreen.storyboard */; };
		04E3C9FE2667D30C005EBEF2 /* APIFetchDemoTests.swift in Sources */ = {isa = PBXBuildFile; fileRef = 04E3C9FD2667D30C005EBEF2 /* APIFetchDemoTests.swift */; };
		04E3CA092667D30C005EBEF2 /* APIFetchDemoUITests.swift in Sources */ = {isa = PBXBuildFile; fileRef = 04E3CA082667D30C005EBEF2 /* APIFetchDemoUITests.swift */; };
		04E3CA1A2667D41E005EBEF2 /* CollectionViewCell.swift in Sources */ = {isa = PBXBuildFile; fileRef = 04E3CA192667D41E005EBEF2 /* CollectionViewCell.swift */; };
		04E3CA1F2667D449005EBEF2 /* AddViewController.swift in Sources */ = {isa = PBXBuildFile; fileRef = 04E3CA1E2667D449005EBEF2 /* AddViewController.swift */; };
		04E3CA272667E01D005EBEF2 /* Company.swift in Sources */ = {isa = PBXBuildFile; fileRef = 04E3CA262667E01D005EBEF2 /* Company.swift */; };
		04EE4AE12668E28B005D72C1 /* NetManager.swift in Sources */ = {isa = PBXBuildFile; fileRef = 04EE4AE02668E28B005D72C1 /* NetManager.swift */; };
/* End PBXBuildFile section */

/* Begin PBXContainerItemProxy section */
		04E3C9FA2667D30C005EBEF2 /* PBXContainerItemProxy */ = {
			isa = PBXContainerItemProxy;
			containerPortal = 04E3C9DB2667D30B005EBEF2 /* Project object */;
			proxyType = 1;
			remoteGlobalIDString = 04E3C9E22667D30B005EBEF2;
			remoteInfo = APIFetchDemo;
		};
		04E3CA052667D30C005EBEF2 /* PBXContainerItemProxy */ = {
			isa = PBXContainerItemProxy;
			containerPortal = 04E3C9DB2667D30B005EBEF2 /* Project object */;
			proxyType = 1;
			remoteGlobalIDString = 04E3C9E22667D30B005EBEF2;
			remoteInfo = APIFetchDemo;
		};
/* End PBXContainerItemProxy section */

/* Begin PBXFileReference section */
		04C673462667EB8C006BDD1F /* DBHelper.swift */ = {isa = PBXFileReference; lastKnownFileType = sourcecode.swift; path = DBHelper.swift; sourceTree = "<group>"; };
		04E3C9E32667D30B005EBEF2 /* APIFetchDemo.app */ = {isa = PBXFileReference; explicitFileType = wrapper.application; includeInIndex = 0; path = APIFetchDemo.app; sourceTree = BUILT_PRODUCTS_DIR; };
		04E3C9E62667D30B005EBEF2 /* AppDelegate.swift */ = {isa = PBXFileReference; lastKnownFileType = sourcecode.swift; path = AppDelegate.swift; sourceTree = "<group>"; };
		04E3C9E82667D30B005EBEF2 /* SceneDelegate.swift */ = {isa = PBXFileReference; lastKnownFileType = sourcecode.swift; path = SceneDelegate.swift; sourceTree = "<group>"; };
		04E3C9EA2667D30B005EBEF2 /* ViewController.swift */ = {isa = PBXFileReference; lastKnownFileType = sourcecode.swift; path = ViewController.swift; sourceTree = "<group>"; };
		04E3C9ED2667D30B005EBEF2 /* Base */ = {isa = PBXFileReference; lastKnownFileType = file.storyboard; name = Base; path = Base.lproj/Main.storyboard; sourceTree = "<group>"; };
		04E3C9EF2667D30B005EBEF2 /* Assets.xcassets */ = {isa = PBXFileReference; lastKnownFileType = folder.assetcatalog; path = Assets.xcassets; sourceTree = "<group>"; };
		04E3C9F22667D30B005EBEF2 /* Base */ = {isa = PBXFileReference; lastKnownFileType = file.storyboard; name = Base; path = Base.lproj/LaunchScreen.storyboard; sourceTree = "<group>"; };
		04E3C9F42667D30B005EBEF2 /* Info.plist */ = {isa = PBXFileReference; lastKnownFileType = text.plist.xml; path = Info.plist; sourceTree = "<group>"; };
		04E3C9F92667D30C005EBEF2 /* APIFetchDemoTests.xctest */ = {isa = PBXFileReference; explicitFileType = wrapper.cfbundle; includeInIndex = 0; path = APIFetchDemoTests.xctest; sourceTree = BUILT_PRODUCTS_DIR; };
		04E3C9FD2667D30C005EBEF2 /* APIFetchDemoTests.swift */ = {isa = PBXFileReference; lastKnownFileType = sourcecode.swift; path = APIFetchDemoTests.swift; sourceTree = "<group>"; };
		04E3C9FF2667D30C005EBEF2 /* Info.plist */ = {isa = PBXFileReference; lastKnownFileType = text.plist.xml; path = Info.plist; sourceTree = "<group>"; };
		04E3CA042667D30C005EBEF2 /* APIFetchDemoUITests.xctest */ = {isa = PBXFileReference; explicitFileType = wrapper.cfbundle; includeInIndex = 0; path = APIFetchDemoUITests.xctest; sourceTree = BUILT_PRODUCTS_DIR; };
		04E3CA082667D30C005EBEF2 /* APIFetchDemoUITests.swift */ = {isa = PBXFileReference; lastKnownFileType = sourcecode.swift; path = APIFetchDemoUITests.swift; sourceTree = "<group>"; };
		04E3CA0A2667D30C005EBEF2 /* Info.plist */ = {isa = PBXFileReference; lastKnownFileType = text.plist.xml; path = Info.plist; sourceTree = "<group>"; };
		04E3CA192667D41E005EBEF2 /* CollectionViewCell.swift */ = {isa = PBXFileReference; lastKnownFileType = sourcecode.swift; path = CollectionViewCell.swift; sourceTree = "<group>"; };
		04E3CA1E2667D449005EBEF2 /* AddViewController.swift */ = {isa = PBXFileReference; lastKnownFileType = sourcecode.swift; path = AddViewController.swift; sourceTree = "<group>"; };
		04E3CA262667E01D005EBEF2 /* Company.swift */ = {isa = PBXFileReference; lastKnownFileType = sourcecode.swift; path = Company.swift; sourceTree = "<group>"; };
		04EE4AE02668E28B005D72C1 /* NetManager.swift */ = {isa = PBXFileReference; lastKnownFileType = sourcecode.swift; path = NetManager.swift; sourceTree = "<group>"; };
/* End PBXFileReference section */

/* Begin PBXFrameworksBuildPhase section */
		04E3C9E02667D30B005EBEF2 /* Frameworks */ = {
			isa = PBXFrameworksBuildPhase;
			buildActionMask = 2147483647;
			files = (
			);
			runOnlyForDeploymentPostprocessing = 0;
		};
		04E3C9F62667D30C005EBEF2 /* Frameworks */ = {
			isa = PBXFrameworksBuildPhase;
			buildActionMask = 2147483647;
			files = (
			);
			runOnlyForDeploymentPostprocessing = 0;
		};
		04E3CA012667D30C005EBEF2 /* Frameworks */ = {
			isa = PBXFrameworksBuildPhase;
			buildActionMask = 2147483647;
			files = (
			);
			runOnlyForDeploymentPostprocessing = 0;
		};
/* End PBXFrameworksBuildPhase section */

/* Begin PBXGroup section */
		04C18D7E2668B28F00105BBB /* Model */ = {
			isa = PBXGroup;
			children = (
				04E3CA262667E01D005EBEF2 /* Company.swift */,
				04C673462667EB8C006BDD1F /* DBHelper.swift */,
				04EE4AE02668E28B005D72C1 /* NetManager.swift */,
			);
			path = Model;
			sourceTree = "<group>";
		};
		04C18D7F2668B2B900105BBB /* View */ = {
			isa = PBXGroup;
			children = (
				04E3C9F12667D30B005EBEF2 /* LaunchScreen.storyboard */,
				04E3C9EC2667D30B005EBEF2 /* Main.storyboard */,
			);
			path = View;
			sourceTree = "<group>";
		};
		04C18D802668B2DC00105BBB /* Controller */ = {
			isa = PBXGroup;
			children = (
				04E3C9EA2667D30B005EBEF2 /* ViewController.swift */,
				04E3CA1E2667D449005EBEF2 /* AddViewController.swift */,
				04E3CA192667D41E005EBEF2 /* CollectionViewCell.swift */,
			);
			path = Controller;
			sourceTree = "<group>";
		};
		04E3C9DA2667D30B005EBEF2 = {
			isa = PBXGroup;
			children = (
				04E3C9E52667D30B005EBEF2 /* APIFetchDemo */,
				04E3C9FC2667D30C005EBEF2 /* APIFetchDemoTests */,
				04E3CA072667D30C005EBEF2 /* APIFetchDemoUITests */,
				04E3C9E42667D30B005EBEF2 /* Products */,
			);
			sourceTree = "<group>";
		};
		04E3C9E42667D30B005EBEF2 /* Products */ = {
			isa = PBXGroup;
			children = (
				04E3C9E32667D30B005EBEF2 /* APIFetchDemo.app */,
				04E3C9F92667D30C005EBEF2 /* APIFetchDemoTests.xctest */,
				04E3CA042667D30C005EBEF2 /* APIFetchDemoUITests.xctest */,
			);
			name = Products;
			sourceTree = "<group>";
		};
		04E3C9E52667D30B005EBEF2 /* APIFetchDemo */ = {
			isa = PBXGroup;
			children = (
				04E3C9EF2667D30B005EBEF2 /* Assets.xcassets */,
				04E3C9E82667D30B005EBEF2 /* SceneDelegate.swift */,
				04E3C9E62667D30B005EBEF2 /* AppDelegate.swift */,
				04C18D7E2668B28F00105BBB /* Model */,
				04C18D7F2668B2B900105BBB /* View */,
				04C18D802668B2DC00105BBB /* Controller */,
				04E3C9F42667D30B005EBEF2 /* Info.plist */,
			);
			path = APIFetchDemo;
			sourceTree = "<group>";
		};
		04E3C9FC2667D30C005EBEF2 /* APIFetchDemoTests */ = {
			isa = PBXGroup;
			children = (
				04E3C9FD2667D30C005EBEF2 /* APIFetchDemoTests.swift */,
				04E3C9FF2667D30C005EBEF2 /* Info.plist */,
			);
			path = APIFetchDemoTests;
			sourceTree = "<group>";
		};
		04E3CA072667D30C005EBEF2 /* APIFetchDemoUITests */ = {
			isa = PBXGroup;
			children = (
				04E3CA082667D30C005EBEF2 /* APIFetchDemoUITests.swift */,
				04E3CA0A2667D30C005EBEF2 /* Info.plist */,
			);
			path = APIFetchDemoUITests;
			sourceTree = "<group>";
		};
/* End PBXGroup section */

/* Begin PBXNativeTarget section */
		04E3C9E22667D30B005EBEF2 /* APIFetchDemo */ = {
			isa = PBXNativeTarget;
			buildConfigurationList = 04E3CA0D2667D30C005EBEF2 /* Build configuration list for PBXNativeTarget "APIFetchDemo" */;
			buildPhases = (
				04E3C9DF2667D30B005EBEF2 /* Sources */,
				04E3C9E02667D30B005EBEF2 /* Frameworks */,
				04E3C9E12667D30B005EBEF2 /* Resources */,
			);
			buildRules = (
			);
			dependencies = (
			);
			name = APIFetchDemo;
			productName = APIFetchDemo;
			productReference = 04E3C9E32667D30B005EBEF2 /* APIFetchDemo.app */;
			productType = "com.apple.product-type.application";
		};
		04E3C9F82667D30C005EBEF2 /* APIFetchDemoTests */ = {
			isa = PBXNativeTarget;
			buildConfigurationList = 04E3CA102667D30C005EBEF2 /* Build configuration list for PBXNativeTarget "APIFetchDemoTests" */;
			buildPhases = (
				04E3C9F52667D30C005EBEF2 /* Sources */,
				04E3C9F62667D30C005EBEF2 /* Frameworks */,
				04E3C9F72667D30C005EBEF2 /* Resources */,
			);
			buildRules = (
			);
			dependencies = (
				04E3C9FB2667D30C005EBEF2 /* PBXTargetDependency */,
			);
			name = APIFetchDemoTests;
			productName = APIFetchDemoTests;
			productReference = 04E3C9F92667D30C005EBEF2 /* APIFetchDemoTests.xctest */;
			productType = "com.apple.product-type.bundle.unit-test";
		};
		04E3CA032667D30C005EBEF2 /* APIFetchDemoUITests */ = {
			isa = PBXNativeTarget;
			buildConfigurationList = 04E3CA132667D30C005EBEF2 /* Build configuration list for PBXNativeTarget "APIFetchDemoUITests" */;
			buildPhases = (
				04E3CA002667D30C005EBEF2 /* Sources */,
				04E3CA012667D30C005EBEF2 /* Frameworks */,
				04E3CA022667D30C005EBEF2 /* Resources */,
			);
			buildRules = (
			);
			dependencies = (
				04E3CA062667D30C005EBEF2 /* PBXTargetDependency */,
			);
			name = APIFetchDemoUITests;
			productName = APIFetchDemoUITests;
			productReference = 04E3CA042667D30C005EBEF2 /* APIFetchDemoUITests.xctest */;
			productType = "com.apple.product-type.bundle.ui-testing";
		};
/* End PBXNativeTarget section */

/* Begin PBXProject section */
		04E3C9DB2667D30B005EBEF2 /* Project object */ = {
			isa = PBXProject;
			attributes = {
				LastSwiftUpdateCheck = 1240;
				LastUpgradeCheck = 1240;
				TargetAttributes = {
					04E3C9E22667D30B005EBEF2 = {
						CreatedOnToolsVersion = 12.4;
					};
					04E3C9F82667D30C005EBEF2 = {
						CreatedOnToolsVersion = 12.4;
						TestTargetID = 04E3C9E22667D30B005EBEF2;
					};
					04E3CA032667D30C005EBEF2 = {
						CreatedOnToolsVersion = 12.4;
						TestTargetID = 04E3C9E22667D30B005EBEF2;
					};
				};
			};
			buildConfigurationList = 04E3C9DE2667D30B005EBEF2 /* Build configuration list for PBXProject "APIFetchDemo" */;
			compatibilityVersion = "Xcode 9.3";
			developmentRegion = en;
			hasScannedForEncodings = 0;
			knownRegions = (
				en,
				Base,
			);
			mainGroup = 04E3C9DA2667D30B005EBEF2;
			productRefGroup = 04E3C9E42667D30B005EBEF2 /* Products */;
			projectDirPath = "";
			projectRoot = "";
			targets = (
				04E3C9E22667D30B005EBEF2 /* APIFetchDemo */,
				04E3C9F82667D30C005EBEF2 /* APIFetchDemoTests */,
				04E3CA032667D30C005EBEF2 /* APIFetchDemoUITests */,
			);
		};
/* End PBXProject section */

/* Begin PBXResourcesBuildPhase section */
		04E3C9E12667D30B005EBEF2 /* Resources */ = {
			isa = PBXResourcesBuildPhase;
			buildActionMask = 2147483647;
			files = (
				04E3C9F32667D30B005EBEF2 /* LaunchScreen.storyboard in Resources */,
				04E3C9F02667D30B005EBEF2 /* Assets.xcassets in Resources */,
				04E3C9EE2667D30B005EBEF2 /* Main.storyboard in Resources */,
			);
			runOnlyForDeploymentPostprocessing = 0;
		};
		04E3C9F72667D30C005EBEF2 /* Resources */ = {
			isa = PBXResourcesBuildPhase;
			buildActionMask = 2147483647;
			files = (
			);
			runOnlyForDeploymentPostprocessing = 0;
		};
		04E3CA022667D30C005EBEF2 /* Resources */ = {
			isa = PBXResourcesBuildPhase;
			buildActionMask = 2147483647;
			files = (
			);
			runOnlyForDeploymentPostprocessing = 0;
		};
/* End PBXResourcesBuildPhase section */

/* Begin PBXSourcesBuildPhase section */
		04E3C9DF2667D30B005EBEF2 /* Sources */ = {
			isa = PBXSourcesBuildPhase;
			buildActionMask = 2147483647;
			files = (
				04E3CA1F2667D449005EBEF2 /* AddViewController.swift in Sources */,
				04E3C9EB2667D30B005EBEF2 /* ViewController.swift in Sources */,
				04E3C9E72667D30B005EBEF2 /* AppDelegate.swift in Sources */,
				04C673472667EB8C006BDD1F /* DBHelper.swift in Sources */,
				04E3CA1A2667D41E005EBEF2 /* CollectionViewCell.swift in Sources */,
				04EE4AE12668E28B005D72C1 /* NetManager.swift in Sources */,
				04E3C9E92667D30B005EBEF2 /* SceneDelegate.swift in Sources */,
				04E3CA272667E01D005EBEF2 /* Company.swift in Sources */,
			);
			runOnlyForDeploymentPostprocessing = 0;
		};
		04E3C9F52667D30C005EBEF2 /* Sources */ = {
			isa = PBXSourcesBuildPhase;
			buildActionMask = 2147483647;
			files = (
				04E3C9FE2667D30C005EBEF2 /* APIFetchDemoTests.swift in Sources */,
			);
			runOnlyForDeploymentPostprocessing = 0;
		};
		04E3CA002667D30C005EBEF2 /* Sources */ = {
			isa = PBXSourcesBuildPhase;
			buildActionMask = 2147483647;
			files = (
				04E3CA092667D30C005EBEF2 /* APIFetchDemoUITests.swift in Sources */,
			);
			runOnlyForDeploymentPostprocessing = 0;
		};
/* End PBXSourcesBuildPhase section */

/* Begin PBXTargetDependency section */
		04E3C9FB2667D30C005EBEF2 /* PBXTargetDependency */ = {
			isa = PBXTargetDependency;
			target = 04E3C9E22667D30B005EBEF2 /* APIFetchDemo */;
			targetProxy = 04E3C9FA2667D30C005EBEF2 /* PBXContainerItemProxy */;
		};
		04E3CA062667D30C005EBEF2 /* PBXTargetDependency */ = {
			isa = PBXTargetDependency;
			target = 04E3C9E22667D30B005EBEF2 /* APIFetchDemo */;
			targetProxy = 04E3CA052667D30C005EBEF2 /* PBXContainerItemProxy */;
		};
/* End PBXTargetDependency section */

/* Begin PBXVariantGroup section */
		04E3C9EC2667D30B005EBEF2 /* Main.storyboard */ = {
			isa = PBXVariantGroup;
			children = (
				04E3C9ED2667D30B005EBEF2 /* Base */,
			);
			name = Main.storyboard;
			sourceTree = "<group>";
		};
		04E3C9F12667D30B005EBEF2 /* LaunchScreen.storyboard */ = {
			isa = PBXVariantGroup;
			children = (
				04E3C9F22667D30B005EBEF2 /* Base */,
			);
			name = LaunchScreen.storyboard;
			sourceTree = "<group>";
		};
/* End PBXVariantGroup section */

/* Begin XCBuildConfiguration section */
		04E3CA0B2667D30C005EBEF2 /* Debug */ = {
			isa = XCBuildConfiguration;
			buildSettings = {
				ALWAYS_SEARCH_USER_PATHS = NO;
				CLANG_ANALYZER_NONNULL = YES;
				CLANG_ANALYZER_NUMBER_OBJECT_CONVERSION = YES_AGGRESSIVE;
				CLANG_CXX_LANGUAGE_STANDARD = "gnu++14";
				CLANG_CXX_LIBRARY = "libc++";
				CLANG_ENABLE_MODULES = YES;
				CLANG_ENABLE_OBJC_ARC = YES;
				CLANG_ENABLE_OBJC_WEAK = YES;
				CLANG_WARN_BLOCK_CAPTURE_AUTORELEASING = YES;
				CLANG_WARN_BOOL_CONVERSION = YES;
				CLANG_WARN_COMMA = YES;
				CLANG_WARN_CONSTANT_CONVERSION = YES;
				CLANG_WARN_DEPRECATED_OBJC_IMPLEMENTATIONS = YES;
				CLANG_WARN_DIRECT_OBJC_ISA_USAGE = YES_ERROR;
				CLANG_WARN_DOCUMENTATION_COMMENTS = YES;
				CLANG_WARN_EMPTY_BODY = YES;
				CLANG_WARN_ENUM_CONVERSION = YES;
				CLANG_WARN_INFINITE_RECURSION = YES;
				CLANG_WARN_INT_CONVERSION = YES;
				CLANG_WARN_NON_LITERAL_NULL_CONVERSION = YES;
				CLANG_WARN_OBJC_IMPLICIT_RETAIN_SELF = YES;
				CLANG_WARN_OBJC_LITERAL_CONVERSION = YES;
				CLANG_WARN_OBJC_ROOT_CLASS = YES_ERROR;
				CLANG_WARN_QUOTED_INCLUDE_IN_FRAMEWORK_HEADER = YES;
				CLANG_WARN_RANGE_LOOP_ANALYSIS = YES;
				CLANG_WARN_STRICT_PROTOTYPES = YES;
				CLANG_WARN_SUSPICIOUS_MOVE = YES;
				CLANG_WARN_UNGUARDED_AVAILABILITY = YES_AGGRESSIVE;
				CLANG_WARN_UNREACHABLE_CODE = YES;
				CLANG_WARN__DUPLICATE_METHOD_MATCH = YES;
				COPY_PHASE_STRIP = NO;
				DEBUG_INFORMATION_FORMAT = dwarf;
				ENABLE_STRICT_OBJC_MSGSEND = YES;
				ENABLE_TESTABILITY = YES;
				GCC_C_LANGUAGE_STANDARD = gnu11;
				GCC_DYNAMIC_NO_PIC = NO;
				GCC_NO_COMMON_BLOCKS = YES;
				GCC_OPTIMIZATION_LEVEL = 0;
				GCC_PREPROCESSOR_DEFINITIONS = (
					"DEBUG=1",
					"$(inherited)",
				);
				GCC_WARN_64_TO_32_BIT_CONVERSION = YES;
				GCC_WARN_ABOUT_RETURN_TYPE = YES_ERROR;
				GCC_WARN_UNDECLARED_SELECTOR = YES;
				GCC_WARN_UNINITIALIZED_AUTOS = YES_AGGRESSIVE;
				GCC_WARN_UNUSED_FUNCTION = YES;
				GCC_WARN_UNUSED_VARIABLE = YES;
				IPHONEOS_DEPLOYMENT_TARGET = 14.4;
				MTL_ENABLE_DEBUG_INFO = INCLUDE_SOURCE;
				MTL_FAST_MATH = YES;
				ONLY_ACTIVE_ARCH = YES;
				SDKROOT = iphoneos;
				SWIFT_ACTIVE_COMPILATION_CONDITIONS = DEBUG;
				SWIFT_OPTIMIZATION_LEVEL = "-Onone";
			};
			name = Debug;
		};
		04E3CA0C2667D30C005EBEF2 /* Release */ = {
			isa = XCBuildConfiguration;
			buildSettings = {
				ALWAYS_SEARCH_USER_PATHS = NO;
				CLANG_ANALYZER_NONNULL = YES;
				CLANG_ANALYZER_NUMBER_OBJECT_CONVERSION = YES_AGGRESSIVE;
				CLANG_CXX_LANGUAGE_STANDARD = "gnu++14";
				CLANG_CXX_LIBRARY = "libc++";
				CLANG_ENABLE_MODULES = YES;
				CLANG_ENABLE_OBJC_ARC = YES;
				CLANG_ENABLE_OBJC_WEAK = YES;
				CLANG_WARN_BLOCK_CAPTURE_AUTORELEASING = YES;
				CLANG_WARN_BOOL_CONVERSION = YES;
				CLANG_WARN_COMMA = YES;
				CLANG_WARN_CONSTANT_CONVERSION = YES;
				CLANG_WARN_DEPRECATED_OBJC_IMPLEMENTATIONS = YES;
				CLANG_WARN_DIRECT_OBJC_ISA_USAGE = YES_ERROR;
				CLANG_WARN_DOCUMENTATION_COMMENTS = YES;
				CLANG_WARN_EMPTY_BODY = YES;
				CLANG_WARN_ENUM_CONVERSION = YES;
				CLANG_WARN_INFINITE_RECURSION = YES;
				CLANG_WARN_INT_CONVERSION = YES;
				CLANG_WARN_NON_LITERAL_NULL_CONVERSION = YES;
				CLANG_WARN_OBJC_IMPLICIT_RETAIN_SELF = YES;
				CLANG_WARN_OBJC_LITERAL_CONVERSION = YES;
				CLANG_WARN_OBJC_ROOT_CLASS = YES_ERROR;
				CLANG_WARN_QUOTED_INCLUDE_IN_FRAMEWORK_HEADER = YES;
				CLANG_WARN_RANGE_LOOP_ANALYSIS = YES;
				CLANG_WARN_STRICT_PROTOTYPES = YES;
				CLANG_WARN_SUSPICIOUS_MOVE = YES;
				CLANG_WARN_UNGUARDED_AVAILABILITY = YES_AGGRESSIVE;
				CLANG_WARN_UNREACHABLE_CODE = YES;
				CLANG_WARN__DUPLICATE_METHOD_MATCH = YES;
				COPY_PHASE_STRIP = NO;
				DEBUG_INFORMATION_FORMAT = "dwarf-with-dsym";
				ENABLE_NS_ASSERTIONS = NO;
				ENABLE_STRICT_OBJC_MSGSEND = YES;
				GCC_C_LANGUAGE_STANDARD = gnu11;
				GCC_NO_COMMON_BLOCKS = YES;
				GCC_WARN_64_TO_32_BIT_CONVERSION = YES;
				GCC_WARN_ABOUT_RETURN_TYPE = YES_ERROR;
				GCC_WARN_UNDECLARED_SELECTOR = YES;
				GCC_WARN_UNINITIALIZED_AUTOS = YES_AGGRESSIVE;
				GCC_WARN_UNUSED_FUNCTION = YES;
				GCC_WARN_UNUSED_VARIABLE = YES;
				IPHONEOS_DEPLOYMENT_TARGET = 14.4;
				MTL_ENABLE_DEBUG_INFO = NO;
				MTL_FAST_MATH = YES;
				SDKROOT = iphoneos;
				SWIFT_COMPILATION_MODE = wholemodule;
				SWIFT_OPTIMIZATION_LEVEL = "-O";
				VALIDATE_PRODUCT = YES;
			};
			name = Release;
		};
		04E3CA0E2667D30C005EBEF2 /* Debug */ = {
			isa = XCBuildConfiguration;
			buildSettings = {
				ASSETCATALOG_COMPILER_APPICON_NAME = AppIcon;
				ASSETCATALOG_COMPILER_GLOBAL_ACCENT_COLOR_NAME = AccentColor;
				CODE_SIGN_STYLE = Automatic;
				INFOPLIST_FILE = APIFetchDemo/Info.plist;
				LD_RUNPATH_SEARCH_PATHS = (
					"$(inherited)",
					"@executable_path/Frameworks",
				);
				PRODUCT_BUNDLE_IDENTIFIER = bitcode.APIFetchDemo;
				PRODUCT_NAME = "$(TARGET_NAME)";
				SWIFT_VERSION = 5.0;
				TARGETED_DEVICE_FAMILY = "1,2";
			};
			name = Debug;
		};
		04E3CA0F2667D30C005EBEF2 /* Release */ = {
			isa = XCBuildConfiguration;
			buildSettings = {
				ASSETCATALOG_COMPILER_APPICON_NAME = AppIcon;
				ASSETCATALOG_COMPILER_GLOBAL_ACCENT_COLOR_NAME = AccentColor;
				CODE_SIGN_STYLE = Automatic;
				INFOPLIST_FILE = APIFetchDemo/Info.plist;
				LD_RUNPATH_SEARCH_PATHS = (
					"$(inherited)",
					"@executable_path/Frameworks",
				);
				PRODUCT_BUNDLE_IDENTIFIER = bitcode.APIFetchDemo;
				PRODUCT_NAME = "$(TARGET_NAME)";
				SWIFT_VERSION = 5.0;
				TARGETED_DEVICE_FAMILY = "1,2";
			};
			name = Release;
		};
		04E3CA112667D30C005EBEF2 /* Debug */ = {
			isa = XCBuildConfiguration;
			buildSettings = {
				ALWAYS_EMBED_SWIFT_STANDARD_LIBRARIES = YES;
				BUNDLE_LOADER = "$(TEST_HOST)";
				CODE_SIGN_STYLE = Automatic;
				INFOPLIST_FILE = APIFetchDemoTests/Info.plist;
				IPHONEOS_DEPLOYMENT_TARGET = 14.4;
				LD_RUNPATH_SEARCH_PATHS = (
					"$(inherited)",
					"@executable_path/Frameworks",
					"@loader_path/Frameworks",
				);
				PRODUCT_BUNDLE_IDENTIFIER = bitcode.APIFetchDemoTests;
				PRODUCT_NAME = "$(TARGET_NAME)";
				SWIFT_VERSION = 5.0;
				TARGETED_DEVICE_FAMILY = "1,2";
				TEST_HOST = "$(BUILT_PRODUCTS_DIR)/APIFetchDemo.app/APIFetchDemo";
			};
			name = Debug;
		};
		04E3CA122667D30C005EBEF2 /* Release */ = {
			isa = XCBuildConfiguration;
			buildSettings = {
				ALWAYS_EMBED_SWIFT_STANDARD_LIBRARIES = YES;
				BUNDLE_LOADER = "$(TEST_HOST)";
				CODE_SIGN_STYLE = Automatic;
				INFOPLIST_FILE = APIFetchDemoTests/Info.plist;
				IPHONEOS_DEPLOYMENT_TARGET = 14.4;
				LD_RUNPATH_SEARCH_PATHS = (
					"$(inherited)",
					"@executable_path/Frameworks",
					"@loader_path/Frameworks",
				);
				PRODUCT_BUNDLE_IDENTIFIER = bitcode.APIFetchDemoTests;
				PRODUCT_NAME = "$(TARGET_NAME)";
				SWIFT_VERSION = 5.0;
				TARGETED_DEVICE_FAMILY = "1,2";
				TEST_HOST = "$(BUILT_PRODUCTS_DIR)/APIFetchDemo.app/APIFetchDemo";
			};
			name = Release;
		};
		04E3CA142667D30C005EBEF2 /* Debug */ = {
			isa = XCBuildConfiguration;
			buildSettings = {
				ALWAYS_EMBED_SWIFT_STANDARD_LIBRARIES = YES;
				CODE_SIGN_STYLE = Automatic;
				INFOPLIST_FILE = APIFetchDemoUITests/Info.plist;
				LD_RUNPATH_SEARCH_PATHS = (
					"$(inherited)",
					"@executable_path/Frameworks",
					"@loader_path/Frameworks",
				);
				PRODUCT_BUNDLE_IDENTIFIER = bitcode.APIFetchDemoUITests;
				PRODUCT_NAME = "$(TARGET_NAME)";
				SWIFT_VERSION = 5.0;
				TARGETED_DEVICE_FAMILY = "1,2";
				TEST_TARGET_NAME = APIFetchDemo;
			};
			name = Debug;
		};
		04E3CA152667D30C005EBEF2 /* Release */ = {
			isa = XCBuildConfiguration;
			buildSettings = {
				ALWAYS_EMBED_SWIFT_STANDARD_LIBRARIES = YES;
				CODE_SIGN_STYLE = Automatic;
				INFOPLIST_FILE = APIFetchDemoUITests/Info.plist;
				LD_RUNPATH_SEARCH_PATHS = (
					"$(inherited)",
					"@executable_path/Frameworks",
					"@loader_path/Frameworks",
				);
				PRODUCT_BUNDLE_IDENTIFIER = bitcode.APIFetchDemoUITests;
				PRODUCT_NAME = "$(TARGET_NAME)";
				SWIFT_VERSION = 5.0;
				TARGETED_DEVICE_FAMILY = "1,2";
				TEST_TARGET_NAME = APIFetchDemo;
			};
			name = Release;
		};
/* End XCBuildConfiguration section */

/* Begin XCConfigurationList section */
		04E3C9DE2667D30B005EBEF2 /* Build configuration list for PBXProject "APIFetchDemo" */ = {
			isa = XCConfigurationList;
			buildConfigurations = (
				04E3CA0B2667D30C005EBEF2 /* Debug */,
				04E3CA0C2667D30C005EBEF2 /* Release */,
			);
			defaultConfigurationIsVisible = 0;
			defaultConfigurationName = Release;
		};
		04E3CA0D2667D30C005EBEF2 /* Build configuration list for PBXNativeTarget "APIFetchDemo" */ = {
			isa = XCConfigurationList;
			buildConfigurations = (
				04E3CA0E2667D30C005EBEF2 /* Debug */,
				04E3CA0F2667D30C005EBEF2 /* Release */,
			);
			defaultConfigurationIsVisible = 0;
			defaultConfigurationName = Release;
		};
		04E3CA102667D30C005EBEF2 /* Build configuration list for PBXNativeTarget "APIFetchDemoTests" */ = {
			isa = XCConfigurationList;
			buildConfigurations = (
				04E3CA112667D30C005EBEF2 /* Debug */,
				04E3CA122667D30C005EBEF2 /* Release */,
			);
			defaultConfigurationIsVisible = 0;
			defaultConfigurationName = Release;
		};
		04E3CA132667D30C005EBEF2 /* Build configuration list for PBXNativeTarget "APIFetchDemoUITests" */ = {
			isa = XCConfigurationList;
			buildConfigurations = (
				04E3CA142667D30C005EBEF2 /* Debug */,
				04E3CA152667D30C005EBEF2 /* Release */,
			);
			defaultConfigurationIsVisible = 0;
			defaultConfigurationName = Release;
		};
/* End XCConfigurationList section */
	};
	rootObject = 04E3C9DB2667D30B005EBEF2 /* Project object */;
}
